
Microsoft Visual Studio Solution File, Format Version 12.00
# Visual Studio Version 17
VisualStudioVersion = 17.9.34728.123
MinimumVisualStudioVersion = 10.0.40219.1
Project("{9A19103F-16F7-4668-BE54-9A1E7A4F7556}") = "Messaging", "Messaging\Messaging.csproj", "{45CB185E-2B7D-427C-9A0B-99B77505BEC4}"
EndProject
Project("{9A19103F-16F7-4668-BE54-9A1E7A4F7556}") = "RoboTx.Api", "RoboTx.Api\RoboTx.Api.csproj", "{E76BB330-6254-48E6-AC0C-C58C55C8BD4D}"
EndProject
Global
	GlobalSection(SolutionConfigurationPlatforms) = preSolution
		Debug|Any CPU = Debug|Any CPU
		Release|Any CPU = Release|Any CPU
	EndGlobalSection
	GlobalSection(ProjectConfigurationPlatforms) = postSolution
		{45CB185E-2B7D-427C-9A0B-99B77505BEC4}.Debug|Any CPU.ActiveCfg = Debug|Any CPU
		{45CB185E-2B7D-427C-9A0B-99B77505BEC4}.Debug|Any CPU.Build.0 = Debug|Any CPU
		{45CB185E-2B7D-427C-9A0B-99B77505BEC4}.Release|Any CPU.ActiveCfg = Release|Any CPU
		{45CB185E-2B7D-427C-9A0B-99B77505BEC4}.Release|Any CPU.Build.0 = Release|Any CPU
		{E76BB330-6254-48E6-AC0C-C58C55C8BD4D}.Debug|Any CPU.ActiveCfg = Debug|Any CPU
		{E76BB330-6254-48E6-AC0C-C58C55C8BD4D}.Debug|Any CPU.Build.0 = Debug|Any CPU
		{E76BB330-6254-48E6-AC0C-C58C55C8BD4D}.Release|Any CPU.ActiveCfg = Release|Any CPU
		{E76BB330-6254-48E6-AC0C-C58C55C8BD4D}.Release|Any CPU.Build.0 = Release|Any CPU
	EndGlobalSection
	GlobalSection(SolutionProperties) = preSolution
		HideSolutionNode = FALSE
	EndGlobalSection
	GlobalSection(ExtensibilityGlobals) = postSolution
		SolutionGuid = {08BAB645-FBFB-41C9-A72F-65AC8429A7D7}
	EndGlobalSection
EndGlobal
